
Microsoft Visual Studio Solution File, Format Version 12.00
# Visual Studio Version 16
VisualStudioVersion = 16.0.31025.218
MinimumVisualStudioVersion = 10.0.40219.1
Project("{9A19103F-16F7-4668-BE54-9A1E7A4F7556}") = "azure.table.retention.appliance", "azure-table-retention\azure.table.retention.appliance.csproj", "{D154F220-ECF5-41DA-A1EC-7017651DB689}"
EndProject
Project("{9A19103F-16F7-4668-BE54-9A1E7A4F7556}") = "azure-table-retention-tests", "azure-table-retention-tests\azure-table-retention-tests.csproj", "{33EF6AB8-68BF-4B15-AED4-A9F84F78F044}"
EndProject
Project("{2150E333-8FDC-42A3-9474-1A3956D46DE8}") = "Solution Items", "Solution Items", "{4E8F4510-DE8C-4496-B8C1-DD5F6ECDF51A}"
	ProjectSection(SolutionItems) = preProject
		README.md = README.md
	EndProjectSection
EndProject
Project("{9A19103F-16F7-4668-BE54-9A1E7A4F7556}") = "com.ataxlab.azure.table.retention.models", "com.ataxlab.azure.table.retention.models\com.ataxlab.azure.table.retention.models.csproj", "{C2E301CA-DED3-4F42-9959-8CA2721BC792}"
EndProject
Project("{9A19103F-16F7-4668-BE54-9A1E7A4F7556}") = "com.ataxlab.functions.table.retention.dashboard", "com.ataxlab.functions.table.retention.dashboard\com.ataxlab.functions.table.retention.dashboard.csproj", "{BD8DB355-8927-4EBF-8B93-B0069B6CA342}"
EndProject
Project("{9A19103F-16F7-4668-BE54-9A1E7A4F7556}") = "com.ataxlab.azure.table.retention.services", "com.ataxlab.azure.table.retention.services\com.ataxlab.azure.table.retention.services.csproj", "{8B32455B-464C-4522-8E89-5F92CB93DB9C}"
EndProject
Project("{9A19103F-16F7-4668-BE54-9A1E7A4F7556}") = "com.ataxlab.azure.table.retention.state", "com.ataxlab.azure.table.retention.state\com.ataxlab.azure.table.retention.state.csproj", "{936A19A5-B0B3-4D19-9F82-49271707C3A1}"
EndProject
Project("{9A19103F-16F7-4668-BE54-9A1E7A4F7556}") = "azure.table.retention.appliance.pipelinetests", "azure.table.retention.appliance.pipelinetests\azure.table.retention.appliance.pipelinetests.csproj", "{F832B5D6-DCA7-4A82-BC8A-CB2E9048081B}"
EndProject
Project("{2150E333-8FDC-42A3-9474-1A3956D46DE8}") = "azure-deployment-templates", "azure-deployment-templates", "{77BDDED0-C799-4EAD-9A0F-6149DF8429AF}"
EndProject
Project("{151D2E53-A2C4-4D7D-83FE-D05416EBD58E}") = "appliance-arm-deployment", "appliance-arm-deployment\appliance-arm-deployment.deployproj", "{4DE0E4DB-88DA-42AB-885A-319710ECF9BD}"
EndProject
Project("{9A19103F-16F7-4668-BE54-9A1E7A4F7556}") = "com.ataxlab.functions.table.retention.dashboard.rcl", "com.ataxlab.functions.table.retention.dashboard.rcl\com.ataxlab.functions.table.retention.dashboard.rcl.csproj", "{F7E97B08-104E-425B-B9D3-76094FAAB26A}"
EndProject
Global
	GlobalSection(SolutionConfigurationPlatforms) = preSolution
		Debug|Any CPU = Debug|Any CPU
		Release|Any CPU = Release|Any CPU
	EndGlobalSection
	GlobalSection(ProjectConfigurationPlatforms) = postSolution
		{D154F220-ECF5-41DA-A1EC-7017651DB689}.Debug|Any CPU.ActiveCfg = Debug|Any CPU
		{D154F220-ECF5-41DA-A1EC-7017651DB689}.Debug|Any CPU.Build.0 = Debug|Any CPU
		{D154F220-ECF5-41DA-A1EC-7017651DB689}.Release|Any CPU.ActiveCfg = Release|Any CPU
		{D154F220-ECF5-41DA-A1EC-7017651DB689}.Release|Any CPU.Build.0 = Release|Any CPU
		{33EF6AB8-68BF-4B15-AED4-A9F84F78F044}.Debug|Any CPU.ActiveCfg = Debug|Any CPU
		{33EF6AB8-68BF-4B15-AED4-A9F84F78F044}.Debug|Any CPU.Build.0 = Debug|Any CPU
		{33EF6AB8-68BF-4B15-AED4-A9F84F78F044}.Release|Any CPU.ActiveCfg = Release|Any CPU
		{33EF6AB8-68BF-4B15-AED4-A9F84F78F044}.Release|Any CPU.Build.0 = Release|Any CPU
		{C2E301CA-DED3-4F42-9959-8CA2721BC792}.Debug|Any CPU.ActiveCfg = Debug|Any CPU
		{C2E301CA-DED3-4F42-9959-8CA2721BC792}.Debug|Any CPU.Build.0 = Debug|Any CPU
		{C2E301CA-DED3-4F42-9959-8CA2721BC792}.Release|Any CPU.ActiveCfg = Release|Any CPU
		{C2E301CA-DED3-4F42-9959-8CA2721BC792}.Release|Any CPU.Build.0 = Release|Any CPU
		{BD8DB355-8927-4EBF-8B93-B0069B6CA342}.Debug|Any CPU.ActiveCfg = Debug|Any CPU
		{BD8DB355-8927-4EBF-8B93-B0069B6CA342}.Debug|Any CPU.Build.0 = Debug|Any CPU
		{BD8DB355-8927-4EBF-8B93-B0069B6CA342}.Release|Any CPU.ActiveCfg = Release|Any CPU
		{BD8DB355-8927-4EBF-8B93-B0069B6CA342}.Release|Any CPU.Build.0 = Release|Any CPU
		{8B32455B-464C-4522-8E89-5F92CB93DB9C}.Debug|Any CPU.ActiveCfg = Debug|Any CPU
		{8B32455B-464C-4522-8E89-5F92CB93DB9C}.Debug|Any CPU.Build.0 = Debug|Any CPU
		{8B32455B-464C-4522-8E89-5F92CB93DB9C}.Release|Any CPU.ActiveCfg = Release|Any CPU
		{8B32455B-464C-4522-8E89-5F92CB93DB9C}.Release|Any CPU.Build.0 = Release|Any CPU
		{936A19A5-B0B3-4D19-9F82-49271707C3A1}.Debug|Any CPU.ActiveCfg = Debug|Any CPU
		{936A19A5-B0B3-4D19-9F82-49271707C3A1}.Debug|Any CPU.Build.0 = Debug|Any CPU
		{936A19A5-B0B3-4D19-9F82-49271707C3A1}.Release|Any CPU.ActiveCfg = Release|Any CPU
		{936A19A5-B0B3-4D19-9F82-49271707C3A1}.Release|Any CPU.Build.0 = Release|Any CPU
		{F832B5D6-DCA7-4A82-BC8A-CB2E9048081B}.Debug|Any CPU.ActiveCfg = Debug|Any CPU
		{F832B5D6-DCA7-4A82-BC8A-CB2E9048081B}.Debug|Any CPU.Build.0 = Debug|Any CPU
		{F832B5D6-DCA7-4A82-BC8A-CB2E9048081B}.Release|Any CPU.ActiveCfg = Release|Any CPU
		{F832B5D6-DCA7-4A82-BC8A-CB2E9048081B}.Release|Any CPU.Build.0 = Release|Any CPU
		{4DE0E4DB-88DA-42AB-885A-319710ECF9BD}.Debug|Any CPU.ActiveCfg = Debug|Any CPU
		{4DE0E4DB-88DA-42AB-885A-319710ECF9BD}.Debug|Any CPU.Build.0 = Debug|Any CPU
		{4DE0E4DB-88DA-42AB-885A-319710ECF9BD}.Release|Any CPU.ActiveCfg = Release|Any CPU
		{4DE0E4DB-88DA-42AB-885A-319710ECF9BD}.Release|Any CPU.Build.0 = Release|Any CPU
		{F7E97B08-104E-425B-B9D3-76094FAAB26A}.Debug|Any CPU.ActiveCfg = Debug|Any CPU
		{F7E97B08-104E-425B-B9D3-76094FAAB26A}.Debug|Any CPU.Build.0 = Debug|Any CPU
		{F7E97B08-104E-425B-B9D3-76094FAAB26A}.Release|Any CPU.ActiveCfg = Release|Any CPU
		{F7E97B08-104E-425B-B9D3-76094FAAB26A}.Release|Any CPU.Build.0 = Release|Any CPU
	EndGlobalSection
	GlobalSection(SolutionProperties) = preSolution
		HideSolutionNode = FALSE
	EndGlobalSection
	GlobalSection(ExtensibilityGlobals) = postSolution
		SolutionGuid = {24A4C1E5-F730-45B1-9A7B-D1F6CA335B37}
	EndGlobalSection
EndGlobal
