
Microsoft Visual Studio Solution File, Format Version 12.00
# Visual Studio Version 16
VisualStudioVersion = 16.0.31025.218
MinimumVisualStudioVersion = 10.0.40219.1
Project("{9A19103F-16F7-4668-BE54-9A1E7A4F7556}") = "azure.table.retention.appliance", "azure-table-retention\azure.table.retention.appliance.csproj", "{D154F220-ECF5-41DA-A1EC-7017651DB689}"
EndProject
Project("{9A19103F-16F7-4668-BE54-9A1E7A4F7556}") = "azure-table-retention-tests", "azure-table-retention-tests\azure-table-retention-tests.csproj", "{33EF6AB8-68BF-4B15-AED4-A9F84F78F044}"
EndProject
Project("{2150E333-8FDC-42A3-9474-1A3956D46DE8}") = "Solution Items", "Solution Items", "{4E8F4510-DE8C-4496-B8C1-DD5F6ECDF51A}"
	ProjectSection(SolutionItems) = preProject
		README.md = README.md
	EndProjectSection
EndProject
Project("{9A19103F-16F7-4668-BE54-9A1E7A4F7556}") = "com.ataxlab.azure.table.retention.models", "com.ataxlab.azure.table.retention.models\com.ataxlab.azure.table.retention.models.csproj", "{C2E301CA-DED3-4F42-9959-8CA2721BC792}"
EndProject
Project("{9A19103F-16F7-4668-BE54-9A1E7A4F7556}") = "com.ataxlab.functions.table.retention.dashboard", "com.ataxlab.functions.table.retention.dashboard\com.ataxlab.functions.table.retention.dashboard.csproj", "{BD8DB355-8927-4EBF-8B93-B0069B6CA342}"
EndProject
Project("{9A19103F-16F7-4668-BE54-9A1E7A4F7556}") = "com.ataxlab.azure.table.retention.services", "com.ataxlab.azure.table.retention.services\com.ataxlab.azure.table.retention.services.csproj", "{8B32455B-464C-4522-8E89-5F92CB93DB9C}"
EndProject
Project("{9A19103F-16F7-4668-BE54-9A1E7A4F7556}") = "com.ataxlab.azure.table.retention.state", "com.ataxlab.azure.table.retention.state\com.ataxlab.azure.table.retention.state.csproj", "{936A19A5-B0B3-4D19-9F82-49271707C3A1}"
EndProject
Project("{9A19103F-16F7-4668-BE54-9A1E7A4F7556}") = "azure.table.retention.appliance.pipelinetests", "azure.table.retention.appliance.pipelinetests\azure.table.retention.appliance.pipelinetests.csproj", "{F832B5D6-DCA7-4A82-BC8A-CB2E9048081B}"
EndProject
Project("{2150E333-8FDC-42A3-9474-1A3956D46DE8}") = "azure-deployment-templates", "azure-deployment-templates", "{77BDDED0-C799-4EAD-9A0F-6149DF8429AF}"
EndProject
Project("{151D2E53-A2C4-4D7D-83FE-D05416EBD58E}") = "appliance-arm-deployment", "appliance-arm-deployment\appliance-arm-deployment.deployproj", "{4DE0E4DB-88DA-42AB-885A-319710ECF9BD}"
EndProject
Project("{9A19103F-16F7-4668-BE54-9A1E7A4F7556}") = "com.ataxlab.functions.table.retention.dashboard.rcl", "com.ataxlab.functions.table.retention.dashboard.rcl\com.ataxlab.functions.table.retention.dashboard.rcl.csproj", "{F7E97B08-104E-425B-B9D3-76094FAAB26A}"
EndProject
Project("{2150E333-8FDC-42A3-9474-1A3956D46DE8}") = "app", "app", "{CF8BB4E6-54FC-4D0B-98A9-37E7B8402947}"
	ProjectSection(SolutionItems) = preProject
		angular-components\dashboard\src\app\app-routing.module.ts = angular-components\dashboard\src\app\app-routing.module.ts
		angular-components\dashboard\src\app\app.component.css = angular-components\dashboard\src\app\app.component.css
		angular-components\dashboard\src\app\app.component.html = angular-components\dashboard\src\app\app.component.html
		angular-components\dashboard\src\app\app.component.spec.ts = angular-components\dashboard\src\app\app.component.spec.ts
		angular-components\dashboard\src\app\app.component.ts = angular-components\dashboard\src\app\app.component.ts
		angular-components\dashboard\src\app\app.module.ts = angular-components\dashboard\src\app\app.module.ts
	EndProjectSection
EndProject
Project("{2150E333-8FDC-42A3-9474-1A3956D46DE8}") = "core", "core", "{8B76043D-FBAB-4998-A951-A20FED94F7E4}"
	ProjectSection(SolutionItems) = preProject
		angular-components\dashboard\src\app\core\ApiConfig.service.spec.ts = angular-components\dashboard\src\app\core\ApiConfig.service.spec.ts
		angular-components\dashboard\src\app\core\ApiConfig.service.ts = angular-components\dashboard\src\app\core\ApiConfig.service.ts
		angular-components\dashboard\src\app\core\core.component.css = angular-components\dashboard\src\app\core\core.component.css
		angular-components\dashboard\src\app\core\core.component.html = angular-components\dashboard\src\app\core\core.component.html
		angular-components\dashboard\src\app\core\core.component.ts = angular-components\dashboard\src\app\core\core.component.ts
		angular-components\dashboard\src\app\core\core.module.ts = angular-components\dashboard\src\app\core\core.module.ts
	EndProjectSection
EndProject
Project("{2150E333-8FDC-42A3-9474-1A3956D46DE8}") = "interceptors", "interceptors", "{50F8DB2D-7259-44E3-87D6-AE15047D0A8B}"
	ProjectSection(SolutionItems) = preProject
		angular-components\dashboard\src\app\interceptors\auth-header-interceptor.interceptor.spec.ts = angular-components\dashboard\src\app\interceptors\auth-header-interceptor.interceptor.spec.ts
		angular-components\dashboard\src\app\interceptors\auth-header-interceptor.interceptor.ts = angular-components\dashboard\src\app\interceptors\auth-header-interceptor.interceptor.ts
	EndProjectSection
EndProject
Project("{2150E333-8FDC-42A3-9474-1A3956D46DE8}") = "shared", "shared", "{C7CBB90B-D5F1-4595-BB2A-84A940413D8D}"
	ProjectSection(SolutionItems) = preProject
		angular-components\dashboard\src\app\shared\shared.component.css = angular-components\dashboard\src\app\shared\shared.component.css
		angular-components\dashboard\src\app\shared\shared.component.html = angular-components\dashboard\src\app\shared\shared.component.html
		angular-components\dashboard\src\app\shared\shared.component.ts = angular-components\dashboard\src\app\shared\shared.component.ts
		angular-components\dashboard\src\app\shared\shared.module.ts = angular-components\dashboard\src\app\shared\shared.module.ts
	EndProjectSection
EndProject
Project("{2150E333-8FDC-42A3-9474-1A3956D46DE8}") = "display-templates", "display-templates", "{7CD4C0D2-2EC5-430F-B0C1-62CC1CAF73F2}"
EndProject
Project("{2150E333-8FDC-42A3-9474-1A3956D46DE8}") = "ApplianceContextView", "ApplianceContextView", "{B3B734C6-1993-4A5F-8A32-6067A3AA05DD}"
	ProjectSection(SolutionItems) = preProject
		angular-components\dashboard\src\app\shared\display-templates\ApplianceContextView\ApplianceContextView.component.css = angular-components\dashboard\src\app\shared\display-templates\ApplianceContextView\ApplianceContextView.component.css
		angular-components\dashboard\src\app\shared\display-templates\ApplianceContextView\ApplianceContextView.component.html = angular-components\dashboard\src\app\shared\display-templates\ApplianceContextView\ApplianceContextView.component.html
		angular-components\dashboard\src\app\shared\display-templates\ApplianceContextView\ApplianceContextView.component.spec.ts = angular-components\dashboard\src\app\shared\display-templates\ApplianceContextView\ApplianceContextView.component.spec.ts
		angular-components\dashboard\src\app\shared\display-templates\ApplianceContextView\ApplianceContextView.component.ts = angular-components\dashboard\src\app\shared\display-templates\ApplianceContextView\ApplianceContextView.component.ts
	EndProjectSection
EndProject
Project("{2150E333-8FDC-42A3-9474-1A3956D46DE8}") = "DiagnosticsRetentionSurfaceView", "DiagnosticsRetentionSurfaceView", "{3ED6ED4D-696D-4D81-811C-56B168349543}"
	ProjectSection(SolutionItems) = preProject
		angular-components\dashboard\src\app\shared\display-templates\DiagnosticsRetentionSurfaceView\DiagnosticsRetentionSurfaceView.component.css = angular-components\dashboard\src\app\shared\display-templates\DiagnosticsRetentionSurfaceView\DiagnosticsRetentionSurfaceView.component.css
		angular-components\dashboard\src\app\shared\display-templates\DiagnosticsRetentionSurfaceView\DiagnosticsRetentionSurfaceView.component.html = angular-components\dashboard\src\app\shared\display-templates\DiagnosticsRetentionSurfaceView\DiagnosticsRetentionSurfaceView.component.html
		angular-components\dashboard\src\app\shared\display-templates\DiagnosticsRetentionSurfaceView\DiagnosticsRetentionSurfaceView.component.spec.ts = angular-components\dashboard\src\app\shared\display-templates\DiagnosticsRetentionSurfaceView\DiagnosticsRetentionSurfaceView.component.spec.ts
		angular-components\dashboard\src\app\shared\display-templates\DiagnosticsRetentionSurfaceView\DiagnosticsRetentionSurfaceView.component.ts = angular-components\dashboard\src\app\shared\display-templates\DiagnosticsRetentionSurfaceView\DiagnosticsRetentionSurfaceView.component.ts
	EndProjectSection
EndProject
Project("{2150E333-8FDC-42A3-9474-1A3956D46DE8}") = "JobOutputView", "JobOutputView", "{630F5AD7-BF0E-4D44-85DA-BA25C493627D}"
	ProjectSection(SolutionItems) = preProject
		angular-components\dashboard\src\app\shared\display-templates\JobOutputView\JobOutputView.component.css = angular-components\dashboard\src\app\shared\display-templates\JobOutputView\JobOutputView.component.css
		angular-components\dashboard\src\app\shared\display-templates\JobOutputView\JobOutputView.component.html = angular-components\dashboard\src\app\shared\display-templates\JobOutputView\JobOutputView.component.html
		angular-components\dashboard\src\app\shared\display-templates\JobOutputView\JobOutputView.component.spec.ts = angular-components\dashboard\src\app\shared\display-templates\JobOutputView\JobOutputView.component.spec.ts
		angular-components\dashboard\src\app\shared\display-templates\JobOutputView\JobOutputView.component.ts = angular-components\dashboard\src\app\shared\display-templates\JobOutputView\JobOutputView.component.ts
	EndProjectSection
EndProject
Project("{2150E333-8FDC-42A3-9474-1A3956D46DE8}") = "MetricRetentionSurfaceView", "MetricRetentionSurfaceView", "{884FDFFA-6B79-4DA1-AC0E-54B5C39E7CDE}"
	ProjectSection(SolutionItems) = preProject
		angular-components\dashboard\src\app\shared\display-templates\MetricRetentionSurfaceView\MetricRetentionSurfaceView.component.css = angular-components\dashboard\src\app\shared\display-templates\MetricRetentionSurfaceView\MetricRetentionSurfaceView.component.css
		angular-components\dashboard\src\app\shared\display-templates\MetricRetentionSurfaceView\MetricRetentionSurfaceView.component.html = angular-components\dashboard\src\app\shared\display-templates\MetricRetentionSurfaceView\MetricRetentionSurfaceView.component.html
		angular-components\dashboard\src\app\shared\display-templates\MetricRetentionSurfaceView\MetricRetentionSurfaceView.component.spec.ts = angular-components\dashboard\src\app\shared\display-templates\MetricRetentionSurfaceView\MetricRetentionSurfaceView.component.spec.ts
		angular-components\dashboard\src\app\shared\display-templates\MetricRetentionSurfaceView\MetricRetentionSurfaceView.component.ts = angular-components\dashboard\src\app\shared\display-templates\MetricRetentionSurfaceView\MetricRetentionSurfaceView.component.ts
	EndProjectSection
EndProject
Project("{2150E333-8FDC-42A3-9474-1A3956D46DE8}") = "services", "services", "{B549EAD0-8BD6-4024-9056-E339AD5672CE}"
	ProjectSection(SolutionItems) = preProject
		angular-components\dashboard\src\app\shared\display-templates\services\ApplianceContext.service.spec.ts = angular-components\dashboard\src\app\shared\display-templates\services\ApplianceContext.service.spec.ts
		angular-components\dashboard\src\app\shared\display-templates\services\ApplianceContext.service.ts = angular-components\dashboard\src\app\shared\display-templates\services\ApplianceContext.service.ts
		angular-components\dashboard\src\app\shared\display-templates\services\ApplianceContextServiceBase.ts = angular-components\dashboard\src\app\shared\display-templates\services\ApplianceContextServiceBase.ts
		angular-components\dashboard\src\app\shared\display-templates\services\HomeGrownLogging.service.spec.ts = angular-components\dashboard\src\app\shared\display-templates\services\HomeGrownLogging.service.spec.ts
		angular-components\dashboard\src\app\shared\display-templates\services\HomeGrownLogging.service.ts = angular-components\dashboard\src\app\shared\display-templates\services\HomeGrownLogging.service.ts
		angular-components\dashboard\src\app\shared\display-templates\services\ILogger.ts = angular-components\dashboard\src\app\shared\display-templates\services\ILogger.ts
		angular-components\dashboard\src\app\shared\display-templates\services\LoggingConfiguration.service.spec.ts = angular-components\dashboard\src\app\shared\display-templates\services\LoggingConfiguration.service.spec.ts
		angular-components\dashboard\src\app\shared\display-templates\services\LoggingConfiguration.service.ts = angular-components\dashboard\src\app\shared\display-templates\services\LoggingConfiguration.service.ts
	EndProjectSection
EndProject
Project("{2150E333-8FDC-42A3-9474-1A3956D46DE8}") = "StorageAccountView", "StorageAccountView", "{87B119F2-740E-41DE-8DCF-F7A1CF4F039F}"
	ProjectSection(SolutionItems) = preProject
		angular-components\dashboard\src\app\shared\display-templates\StorageAccountView\StorageAccountView.component.css = angular-components\dashboard\src\app\shared\display-templates\StorageAccountView\StorageAccountView.component.css
		angular-components\dashboard\src\app\shared\display-templates\StorageAccountView\StorageAccountView.component.html = angular-components\dashboard\src\app\shared\display-templates\StorageAccountView\StorageAccountView.component.html
		angular-components\dashboard\src\app\shared\display-templates\StorageAccountView\StorageAccountView.component.spec.ts = angular-components\dashboard\src\app\shared\display-templates\StorageAccountView\StorageAccountView.component.spec.ts
		angular-components\dashboard\src\app\shared\display-templates\StorageAccountView\StorageAccountView.component.ts = angular-components\dashboard\src\app\shared\display-templates\StorageAccountView\StorageAccountView.component.ts
	EndProjectSection
EndProject
Project("{2150E333-8FDC-42A3-9474-1A3956D46DE8}") = "SubscriptionsView", "SubscriptionsView", "{BE15D5C7-025C-41A9-8989-9BF02641CF3E}"
	ProjectSection(SolutionItems) = preProject
		angular-components\dashboard\src\app\shared\display-templates\SubscriptionsView\SubscriptionsView.component.css = angular-components\dashboard\src\app\shared\display-templates\SubscriptionsView\SubscriptionsView.component.css
		angular-components\dashboard\src\app\shared\display-templates\SubscriptionsView\SubscriptionsView.component.html = angular-components\dashboard\src\app\shared\display-templates\SubscriptionsView\SubscriptionsView.component.html
		angular-components\dashboard\src\app\shared\display-templates\SubscriptionsView\SubscriptionsView.component.spec.ts = angular-components\dashboard\src\app\shared\display-templates\SubscriptionsView\SubscriptionsView.component.spec.ts
		angular-components\dashboard\src\app\shared\display-templates\SubscriptionsView\SubscriptionsView.component.ts = angular-components\dashboard\src\app\shared\display-templates\SubscriptionsView\SubscriptionsView.component.ts
	EndProjectSection
EndProject
Project("{2150E333-8FDC-42A3-9474-1A3956D46DE8}") = "forms", "forms", "{98967C56-89D4-4AEB-AA43-CAEEDED43D4F}"
EndProject
Project("{2150E333-8FDC-42A3-9474-1A3956D46DE8}") = "RetentionPolicyEditor", "RetentionPolicyEditor", "{A51C90AE-782A-4377-A95C-12C6C8378FB4}"
	ProjectSection(SolutionItems) = preProject
		angular-components\dashboard\src\app\shared\forms\RetentionPolicyEditor\RetentionPolicyEditor.component.css = angular-components\dashboard\src\app\shared\forms\RetentionPolicyEditor\RetentionPolicyEditor.component.css
		angular-components\dashboard\src\app\shared\forms\RetentionPolicyEditor\RetentionPolicyEditor.component.html = angular-components\dashboard\src\app\shared\forms\RetentionPolicyEditor\RetentionPolicyEditor.component.html
		angular-components\dashboard\src\app\shared\forms\RetentionPolicyEditor\RetentionPolicyEditor.component.spec.ts = angular-components\dashboard\src\app\shared\forms\RetentionPolicyEditor\RetentionPolicyEditor.component.spec.ts
		angular-components\dashboard\src\app\shared\forms\RetentionPolicyEditor\RetentionPolicyEditor.component.ts = angular-components\dashboard\src\app\shared\forms\RetentionPolicyEditor\RetentionPolicyEditor.component.ts
	EndProjectSection
EndProject
Project("{2150E333-8FDC-42A3-9474-1A3956D46DE8}") = "services", "services", "{CECEF061-78C8-456A-9BD9-7B3770B4C1E6}"
	ProjectSection(SolutionItems) = preProject
		angular-components\dashboard\src\app\shared\services\appliance-api.service.spec.ts = angular-components\dashboard\src\app\shared\services\appliance-api.service.spec.ts
		angular-components\dashboard\src\app\shared\services\appliance-api.service.ts = angular-components\dashboard\src\app\shared\services\appliance-api.service.ts
	EndProjectSection
EndProject
Global
	GlobalSection(SolutionConfigurationPlatforms) = preSolution
		Debug|Any CPU = Debug|Any CPU
		Release|Any CPU = Release|Any CPU
	EndGlobalSection
	GlobalSection(ProjectConfigurationPlatforms) = postSolution
		{D154F220-ECF5-41DA-A1EC-7017651DB689}.Debug|Any CPU.ActiveCfg = Debug|Any CPU
		{D154F220-ECF5-41DA-A1EC-7017651DB689}.Debug|Any CPU.Build.0 = Debug|Any CPU
		{D154F220-ECF5-41DA-A1EC-7017651DB689}.Release|Any CPU.ActiveCfg = Release|Any CPU
		{D154F220-ECF5-41DA-A1EC-7017651DB689}.Release|Any CPU.Build.0 = Release|Any CPU
		{33EF6AB8-68BF-4B15-AED4-A9F84F78F044}.Debug|Any CPU.ActiveCfg = Debug|Any CPU
		{33EF6AB8-68BF-4B15-AED4-A9F84F78F044}.Debug|Any CPU.Build.0 = Debug|Any CPU
		{33EF6AB8-68BF-4B15-AED4-A9F84F78F044}.Release|Any CPU.ActiveCfg = Release|Any CPU
		{33EF6AB8-68BF-4B15-AED4-A9F84F78F044}.Release|Any CPU.Build.0 = Release|Any CPU
		{C2E301CA-DED3-4F42-9959-8CA2721BC792}.Debug|Any CPU.ActiveCfg = Debug|Any CPU
		{C2E301CA-DED3-4F42-9959-8CA2721BC792}.Debug|Any CPU.Build.0 = Debug|Any CPU
		{C2E301CA-DED3-4F42-9959-8CA2721BC792}.Release|Any CPU.ActiveCfg = Release|Any CPU
		{C2E301CA-DED3-4F42-9959-8CA2721BC792}.Release|Any CPU.Build.0 = Release|Any CPU
		{BD8DB355-8927-4EBF-8B93-B0069B6CA342}.Debug|Any CPU.ActiveCfg = Debug|Any CPU
		{BD8DB355-8927-4EBF-8B93-B0069B6CA342}.Debug|Any CPU.Build.0 = Debug|Any CPU
		{BD8DB355-8927-4EBF-8B93-B0069B6CA342}.Release|Any CPU.ActiveCfg = Release|Any CPU
		{BD8DB355-8927-4EBF-8B93-B0069B6CA342}.Release|Any CPU.Build.0 = Release|Any CPU
		{8B32455B-464C-4522-8E89-5F92CB93DB9C}.Debug|Any CPU.ActiveCfg = Debug|Any CPU
		{8B32455B-464C-4522-8E89-5F92CB93DB9C}.Debug|Any CPU.Build.0 = Debug|Any CPU
		{8B32455B-464C-4522-8E89-5F92CB93DB9C}.Release|Any CPU.ActiveCfg = Release|Any CPU
		{8B32455B-464C-4522-8E89-5F92CB93DB9C}.Release|Any CPU.Build.0 = Release|Any CPU
		{936A19A5-B0B3-4D19-9F82-49271707C3A1}.Debug|Any CPU.ActiveCfg = Debug|Any CPU
		{936A19A5-B0B3-4D19-9F82-49271707C3A1}.Debug|Any CPU.Build.0 = Debug|Any CPU
		{936A19A5-B0B3-4D19-9F82-49271707C3A1}.Release|Any CPU.ActiveCfg = Release|Any CPU
		{936A19A5-B0B3-4D19-9F82-49271707C3A1}.Release|Any CPU.Build.0 = Release|Any CPU
		{F832B5D6-DCA7-4A82-BC8A-CB2E9048081B}.Debug|Any CPU.ActiveCfg = Debug|Any CPU
		{F832B5D6-DCA7-4A82-BC8A-CB2E9048081B}.Debug|Any CPU.Build.0 = Debug|Any CPU
		{F832B5D6-DCA7-4A82-BC8A-CB2E9048081B}.Release|Any CPU.ActiveCfg = Release|Any CPU
		{F832B5D6-DCA7-4A82-BC8A-CB2E9048081B}.Release|Any CPU.Build.0 = Release|Any CPU
		{4DE0E4DB-88DA-42AB-885A-319710ECF9BD}.Debug|Any CPU.ActiveCfg = Debug|Any CPU
		{4DE0E4DB-88DA-42AB-885A-319710ECF9BD}.Debug|Any CPU.Build.0 = Debug|Any CPU
		{4DE0E4DB-88DA-42AB-885A-319710ECF9BD}.Release|Any CPU.ActiveCfg = Release|Any CPU
		{4DE0E4DB-88DA-42AB-885A-319710ECF9BD}.Release|Any CPU.Build.0 = Release|Any CPU
		{F7E97B08-104E-425B-B9D3-76094FAAB26A}.Debug|Any CPU.ActiveCfg = Debug|Any CPU
		{F7E97B08-104E-425B-B9D3-76094FAAB26A}.Debug|Any CPU.Build.0 = Debug|Any CPU
		{F7E97B08-104E-425B-B9D3-76094FAAB26A}.Release|Any CPU.ActiveCfg = Release|Any CPU
		{F7E97B08-104E-425B-B9D3-76094FAAB26A}.Release|Any CPU.Build.0 = Release|Any CPU
	EndGlobalSection
	GlobalSection(SolutionProperties) = preSolution
		HideSolutionNode = FALSE
	EndGlobalSection
	GlobalSection(NestedProjects) = preSolution
		{8B76043D-FBAB-4998-A951-A20FED94F7E4} = {CF8BB4E6-54FC-4D0B-98A9-37E7B8402947}
		{50F8DB2D-7259-44E3-87D6-AE15047D0A8B} = {CF8BB4E6-54FC-4D0B-98A9-37E7B8402947}
		{C7CBB90B-D5F1-4595-BB2A-84A940413D8D} = {CF8BB4E6-54FC-4D0B-98A9-37E7B8402947}
		{7CD4C0D2-2EC5-430F-B0C1-62CC1CAF73F2} = {C7CBB90B-D5F1-4595-BB2A-84A940413D8D}
		{B3B734C6-1993-4A5F-8A32-6067A3AA05DD} = {7CD4C0D2-2EC5-430F-B0C1-62CC1CAF73F2}
		{3ED6ED4D-696D-4D81-811C-56B168349543} = {7CD4C0D2-2EC5-430F-B0C1-62CC1CAF73F2}
		{630F5AD7-BF0E-4D44-85DA-BA25C493627D} = {7CD4C0D2-2EC5-430F-B0C1-62CC1CAF73F2}
		{884FDFFA-6B79-4DA1-AC0E-54B5C39E7CDE} = {7CD4C0D2-2EC5-430F-B0C1-62CC1CAF73F2}
		{B549EAD0-8BD6-4024-9056-E339AD5672CE} = {7CD4C0D2-2EC5-430F-B0C1-62CC1CAF73F2}
		{87B119F2-740E-41DE-8DCF-F7A1CF4F039F} = {7CD4C0D2-2EC5-430F-B0C1-62CC1CAF73F2}
		{BE15D5C7-025C-41A9-8989-9BF02641CF3E} = {7CD4C0D2-2EC5-430F-B0C1-62CC1CAF73F2}
		{98967C56-89D4-4AEB-AA43-CAEEDED43D4F} = {C7CBB90B-D5F1-4595-BB2A-84A940413D8D}
		{A51C90AE-782A-4377-A95C-12C6C8378FB4} = {98967C56-89D4-4AEB-AA43-CAEEDED43D4F}
		{CECEF061-78C8-456A-9BD9-7B3770B4C1E6} = {C7CBB90B-D5F1-4595-BB2A-84A940413D8D}
	EndGlobalSection
	GlobalSection(ExtensibilityGlobals) = postSolution
		SolutionGuid = {24A4C1E5-F730-45B1-9A7B-D1F6CA335B37}
	EndGlobalSection
EndGlobal
